// !$*UTF8*$!
{
	archiveVersion = 1;
	classes = {
	};
	objectVersion = 46;
	objects = {

/* Begin PBXBuildFile section */
		28657DCF1A8D2C5700D48587 /* AppDelegate.swift in Sources */ = {isa = PBXBuildFile; fileRef = 28657DCE1A8D2C5700D48587 /* AppDelegate.swift */; };
		28657DD11A8D2C5700D48587 /* ViewController.swift in Sources */ = {isa = PBXBuildFile; fileRef = 28657DD01A8D2C5700D48587 /* ViewController.swift */; };
		28657DD41A8D2C5700D48587 /* Main.storyboard in Resources */ = {isa = PBXBuildFile; fileRef = 28657DD21A8D2C5700D48587 /* Main.storyboard */; };
		28657DD61A8D2C5700D48587 /* Images.xcassets in Resources */ = {isa = PBXBuildFile; fileRef = 28657DD51A8D2C5700D48587 /* Images.xcassets */; };
		28657DD91A8D2C5700D48587 /* LaunchScreen.xib in Resources */ = {isa = PBXBuildFile; fileRef = 28657DD71A8D2C5700D48587 /* LaunchScreen.xib */; };
		28657DE51A8D2C5800D48587 /* RGB_SlidersTests.swift in Sources */ = {isa = PBXBuildFile; fileRef = 28657DE41A8D2C5800D48587 /* RGB_SlidersTests.swift */; };
/* End PBXBuildFile section */

/* Begin PBXContainerItemProxy section */
		28657DDF1A8D2C5700D48587 /* PBXContainerItemProxy */ = {
			isa = PBXContainerItemProxy;
			containerPortal = 28657DC11A8D2C5700D48587 /* Project object */;
			proxyType = 1;
			remoteGlobalIDString = 28657DC81A8D2C5700D48587;
			remoteInfo = "RGB Sliders";
		};
/* End PBXContainerItemProxy section */

/* Begin PBXFileReference section */
		28657DC91A8D2C5700D48587 /* RGB Sliders.app */ = {isa = PBXFileReference; explicitFileType = wrapper.application; includeInIndex = 0; path = "RGB Sliders.app"; sourceTree = BUILT_PRODUCTS_DIR; };
		28657DCD1A8D2C5700D48587 /* Info.plist */ = {isa = PBXFileReference; lastKnownFileType = text.plist.xml; path = Info.plist; sourceTree = "<group>"; };
		28657DCE1A8D2C5700D48587 /* AppDelegate.swift */ = {isa = PBXFileReference; lastKnownFileType = sourcecode.swift; path = AppDelegate.swift; sourceTree = "<group>"; };
		28657DD01A8D2C5700D48587 /* ViewController.swift */ = {isa = PBXFileReference; lastKnownFileType = sourcecode.swift; path = ViewController.swift; sourceTree = "<group>"; };
		28657DD31A8D2C5700D48587 /* Base */ = {isa = PBXFileReference; lastKnownFileType = file.storyboard; name = Base; path = Base.lproj/Main.storyboard; sourceTree = "<group>"; };
		28657DD51A8D2C5700D48587 /* Images.xcassets */ = {isa = PBXFileReference; lastKnownFileType = folder.assetcatalog; path = Images.xcassets; sourceTree = "<group>"; };
		28657DD81A8D2C5700D48587 /* Base */ = {isa = PBXFileReference; lastKnownFileType = file.xib; name = Base; path = Base.lproj/LaunchScreen.xib; sourceTree = "<group>"; };
		28657DDE1A8D2C5700D48587 /* RGB SlidersTests.xctest */ = {isa = PBXFileReference; explicitFileType = wrapper.cfbundle; includeInIndex = 0; path = "RGB SlidersTests.xctest"; sourceTree = BUILT_PRODUCTS_DIR; };
		28657DE31A8D2C5700D48587 /* Info.plist */ = {isa = PBXFileReference; lastKnownFileType = text.plist.xml; path = Info.plist; sourceTree = "<group>"; };
		28657DE41A8D2C5800D48587 /* RGB_SlidersTests.swift */ = {isa = PBXFileReference; lastKnownFileType = sourcecode.swift; path = RGB_SlidersTests.swift; sourceTree = "<group>"; };
/* End PBXFileReference section */

/* Begin PBXFrameworksBuildPhase section */
		28657DC61A8D2C5700D48587 /* Frameworks */ = {
			isa = PBXFrameworksBuildPhase;
			buildActionMask = 2147483647;
			files = (
			);
			runOnlyForDeploymentPostprocessing = 0;
		};
		28657DDB1A8D2C5700D48587 /* Frameworks */ = {
			isa = PBXFrameworksBuildPhase;
			buildActionMask = 2147483647;
			files = (
			);
			runOnlyForDeploymentPostprocessing = 0;
		};
/* End PBXFrameworksBuildPhase section */

/* Begin PBXGroup section */
		28657DC01A8D2C5700D48587 = {
			isa = PBXGroup;
			children = (
				28657DCB1A8D2C5700D48587 /* RGB Sliders */,
				28657DE11A8D2C5700D48587 /* RGB SlidersTests */,
				28657DCA1A8D2C5700D48587 /* Products */,
			);
			sourceTree = "<group>";
		};
		28657DCA1A8D2C5700D48587 /* Products */ = {
			isa = PBXGroup;
			children = (
				28657DC91A8D2C5700D48587 /* RGB Sliders.app */,
				28657DDE1A8D2C5700D48587 /* RGB SlidersTests.xctest */,
			);
			name = Products;
			sourceTree = "<group>";
		};
		28657DCB1A8D2C5700D48587 /* RGB Sliders */ = {
			isa = PBXGroup;
			children = (
				28657DCE1A8D2C5700D48587 /* AppDelegate.swift */,
				28657DD01A8D2C5700D48587 /* ViewController.swift */,
				28657DD21A8D2C5700D48587 /* Main.storyboard */,
				28657DD51A8D2C5700D48587 /* Images.xcassets */,
				28657DD71A8D2C5700D48587 /* LaunchScreen.xib */,
				28657DCC1A8D2C5700D48587 /* Supporting Files */,
			);
			path = "RGB Sliders";
			sourceTree = "<group>";
		};
		28657DCC1A8D2C5700D48587 /* Supporting Files */ = {
			isa = PBXGroup;
			children = (
				28657DCD1A8D2C5700D48587 /* Info.plist */,
			);
			name = "Supporting Files";
			sourceTree = "<group>";
		};
		28657DE11A8D2C5700D48587 /* RGB SlidersTests */ = {
			isa = PBXGroup;
			children = (
				28657DE41A8D2C5800D48587 /* RGB_SlidersTests.swift */,
				28657DE21A8D2C5700D48587 /* Supporting Files */,
			);
			path = "RGB SlidersTests";
			sourceTree = "<group>";
		};
		28657DE21A8D2C5700D48587 /* Supporting Files */ = {
			isa = PBXGroup;
			children = (
				28657DE31A8D2C5700D48587 /* Info.plist */,
			);
			name = "Supporting Files";
			sourceTree = "<group>";
		};
/* End PBXGroup section */

/* Begin PBXNativeTarget section */
		28657DC81A8D2C5700D48587 /* RGB Sliders */ = {
			isa = PBXNativeTarget;
			buildConfigurationList = 28657DE81A8D2C5800D48587 /* Build configuration list for PBXNativeTarget "RGB Sliders" */;
			buildPhases = (
				28657DC51A8D2C5700D48587 /* Sources */,
				28657DC61A8D2C5700D48587 /* Frameworks */,
				28657DC71A8D2C5700D48587 /* Resources */,
			);
			buildRules = (
			);
			dependencies = (
			);
			name = "RGB Sliders";
			productName = "RGB Sliders";
			productReference = 28657DC91A8D2C5700D48587 /* RGB Sliders.app */;
			productType = "com.apple.product-type.application";
		};
		28657DDD1A8D2C5700D48587 /* RGB SlidersTests */ = {
			isa = PBXNativeTarget;
			buildConfigurationList = 28657DEB1A8D2C5800D48587 /* Build configuration list for PBXNativeTarget "RGB SlidersTests" */;
			buildPhases = (
				28657DDA1A8D2C5700D48587 /* Sources */,
				28657DDB1A8D2C5700D48587 /* Frameworks */,
				28657DDC1A8D2C5700D48587 /* Resources */,
			);
			buildRules = (
			);
			dependencies = (
				28657DE01A8D2C5700D48587 /* PBXTargetDependency */,
			);
			name = "RGB SlidersTests";
			productName = "RGB SlidersTests";
			productReference = 28657DDE1A8D2C5700D48587 /* RGB SlidersTests.xctest */;
			productType = "com.apple.product-type.bundle.unit-test";
		};
/* End PBXNativeTarget section */

/* Begin PBXProject section */
		28657DC11A8D2C5700D48587 /* Project object */ = {
			isa = PBXProject;
			attributes = {
				LastUpgradeCheck = 0610;
				ORGANIZATIONNAME = "Neil Hurley";
				TargetAttributes = {
					28657DC81A8D2C5700D48587 = {
						CreatedOnToolsVersion = 6.1.1;
					};
					28657DDD1A8D2C5700D48587 = {
						CreatedOnToolsVersion = 6.1.1;
						TestTargetID = 28657DC81A8D2C5700D48587;
					};
				};
			};
			buildConfigurationList = 28657DC41A8D2C5700D48587 /* Build configuration list for PBXProject "RGB Sliders" */;
			compatibilityVersion = "Xcode 3.2";
			developmentRegion = English;
			hasScannedForEncodings = 0;
			knownRegions = (
				en,
				Base,
			);
			mainGroup = 28657DC01A8D2C5700D48587;
			productRefGroup = 28657DCA1A8D2C5700D48587 /* Products */;
			projectDirPath = "";
			projectRoot = "";
			targets = (
				28657DC81A8D2C5700D48587 /* RGB Sliders */,
				28657DDD1A8D2C5700D48587 /* RGB SlidersTests */,
			);
		};
/* End PBXProject section */

/* Begin PBXResourcesBuildPhase section */
		28657DC71A8D2C5700D48587 /* Resources */ = {
			isa = PBXResourcesBuildPhase;
			buildActionMask = 2147483647;
			files = (
				28657DD41A8D2C5700D48587 /* Main.storyboard in Resources */,
				28657DD91A8D2C5700D48587 /* LaunchScreen.xib in Resources */,
				28657DD61A8D2C5700D48587 /* Images.xcassets in Resources */,
			);
			runOnlyForDeploymentPostprocessing = 0;
		};
		28657DDC1A8D2C5700D48587 /* Resources */ = {
			isa = PBXResourcesBuildPhase;
			buildActionMask = 2147483647;
			files = (
			);
			runOnlyForDeploymentPostprocessing = 0;
		};
/* End PBXResourcesBuildPhase section */

/* Begin PBXSourcesBuildPhase section */
		28657DC51A8D2C5700D48587 /* Sources */ = {
			isa = PBXSourcesBuildPhase;
			buildActionMask = 2147483647;
			files = (
				28657DD11A8D2C5700D48587 /* ViewController.swift in Sources */,
				28657DCF1A8D2C5700D48587 /* AppDelegate.swift in Sources */,
			);
			runOnlyForDeploymentPostprocessing = 0;
		};
		28657DDA1A8D2C5700D48587 /* Sources */ = {
			isa = PBXSourcesBuildPhase;
			buildActionMask = 2147483647;
			files = (
				28657DE51A8D2C5800D48587 /* RGB_SlidersTests.swift in Sources */,
			);
			runOnlyForDeploymentPostprocessing = 0;
		};
/* End PBXSourcesBuildPhase section */

/* Begin PBXTargetDependency section */
		28657DE01A8D2C5700D48587 /* PBXTargetDependency */ = {
			isa = PBXTargetDependency;
			target = 28657DC81A8D2C5700D48587 /* RGB Sliders */;
			targetProxy = 28657DDF1A8D2C5700D48587 /* PBXContainerItemProxy */;
		};
/* End PBXTargetDependency section */

/* Begin PBXVariantGroup section */
		28657DD21A8D2C5700D48587 /* Main.storyboard */ = {
			isa = PBXVariantGroup;
			children = (
				28657DD31A8D2C5700D48587 /* Base */,
			);
			name = Main.storyboard;
			sourceTree = "<group>";
		};
		28657DD71A8D2C5700D48587 /* LaunchScreen.xib */ = {
			isa = PBXVariantGroup;
			children = (
				28657DD81A8D2C5700D48587 /* Base */,
			);
			name = LaunchScreen.xib;
			sourceTree = "<group>";
		};
/* End PBXVariantGroup section */

/* Begin XCBuildConfiguration section */
		28657DE61A8D2C5800D48587 /* Debug */ = {
			isa = XCBuildConfiguration;
			buildSettings = {
				ALWAYS_SEARCH_USER_PATHS = NO;
				CLANG_CXX_LANGUAGE_STANDARD = "gnu++0x";
				CLANG_CXX_LIBRARY = "libc++";
				CLANG_ENABLE_MODULES = YES;
				CLANG_ENABLE_OBJC_ARC = YES;
				CLANG_WARN_BOOL_CONVERSION = YES;
				CLANG_WARN_CONSTANT_CONVERSION = YES;
				CLANG_WARN_DIRECT_OBJC_ISA_USAGE = YES_ERROR;
				CLANG_WARN_EMPTY_BODY = YES;
				CLANG_WARN_ENUM_CONVERSION = YES;
				CLANG_WARN_INT_CONVERSION = YES;
				CLANG_WARN_OBJC_ROOT_CLASS = YES_ERROR;
				CLANG_WARN_UNREACHABLE_CODE = YES;
				CLANG_WARN__DUPLICATE_METHOD_MATCH = YES;
				"CODE_SIGN_IDENTITY[sdk=iphoneos*]" = "iPhone Developer";
				COPY_PHASE_STRIP = NO;
				ENABLE_STRICT_OBJC_MSGSEND = YES;
				GCC_C_LANGUAGE_STANDARD = gnu99;
				GCC_DYNAMIC_NO_PIC = NO;
				GCC_OPTIMIZATION_LEVEL = 0;
				GCC_PREPROCESSOR_DEFINITIONS = (
					"DEBUG=1",
					"$(inherited)",
				);
				GCC_SYMBOLS_PRIVATE_EXTERN = NO;
				GCC_WARN_64_TO_32_BIT_CONVERSION = YES;
				GCC_WARN_ABOUT_RETURN_TYPE = YES_ERROR;
				GCC_WARN_UNDECLARED_SELECTOR = YES;
				GCC_WARN_UNINITIALIZED_AUTOS = YES_AGGRESSIVE;
				GCC_WARN_UNUSED_FUNCTION = YES;
				GCC_WARN_UNUSED_VARIABLE = YES;
				IPHONEOS_DEPLOYMENT_TARGET = 8.1;
				MTL_ENABLE_DEBUG_INFO = YES;
				ONLY_ACTIVE_ARCH = YES;
				SDKROOT = iphoneos;
				SWIFT_OPTIMIZATION_LEVEL = "-Onone";
			};
			name = Debug;
		};
		28657DE71A8D2C5800D48587 /* Release */ = {
			isa = XCBuildConfiguration;
			buildSettings = {
				ALWAYS_SEARCH_USER_PATHS = NO;
				CLANG_CXX_LANGUAGE_STANDARD = "gnu++0x";
				CLANG_CXX_LIBRARY = "libc++";
				CLANG_ENABLE_MODULES = YES;
				CLANG_ENABLE_OBJC_ARC = YES;
				CLANG_WARN_BOOL_CONVERSION = YES;
				CLANG_WARN_CONSTANT_CONVERSION = YES;
				CLANG_WARN_DIRECT_OBJC_ISA_USAGE = YES_ERROR;
				CLANG_WARN_EMPTY_BODY = YES;
				CLANG_WARN_ENUM_CONVERSION = YES;
				CLANG_WARN_INT_CONVERSION = YES;
				CLANG_WARN_OBJC_ROOT_CLASS = YES_ERROR;
				CLANG_WARN_UNREACHABLE_CODE = YES;
				CLANG_WARN__DUPLICATE_METHOD_MATCH = YES;
				"CODE_SIGN_IDENTITY[sdk=iphoneos*]" = "iPhone Developer";
				COPY_PHASE_STRIP = YES;
				ENABLE_NS_ASSERTIONS = NO;
				ENABLE_STRICT_OBJC_MSGSEND = YES;
				GCC_C_LANGUAGE_STANDARD = gnu99;
				GCC_WARN_64_TO_32_BIT_CONVERSION = YES;
				GCC_WARN_ABOUT_RETURN_TYPE = YES_ERROR;
				GCC_WARN_UNDECLARED_SELECTOR = YES;
				GCC_WARN_UNINITIALIZED_AUTOS = YES_AGGRESSIVE;
				GCC_WARN_UNUSED_FUNCTION = YES;
				GCC_WARN_UNUSED_VARIABLE = YES;
				IPHONEOS_DEPLOYMENT_TARGET = 8.1;
				MTL_ENABLE_DEBUG_INFO = NO;
				SDKROOT = iphoneos;
				VALIDATE_PRODUCT = YES;
			};
			name = Release;
		};
		28657DE91A8D2C5800D48587 /* Debug */ = {
			isa = XCBuildConfiguration;
			buildSettings = {
				ASSETCATALOG_COMPILER_APPICON_NAME = AppIcon;
				INFOPLIST_FILE = "RGB Sliders/Info.plist";
				LD_RUNPATH_SEARCH_PATHS = "$(inherited) @executable_path/Frameworks";
				PRODUCT_NAME = "$(TARGET_NAME)";
			};
			name = Debug;
		};
		28657DEA1A8D2C5800D48587 /* Release */ = {
			isa = XCBuildConfiguration;
			buildSettings = {
				ASSETCATALOG_COMPILER_APPICON_NAME = AppIcon;
				INFOPLIST_FILE = "RGB Sliders/Info.plist";
				LD_RUNPATH_SEARCH_PATHS = "$(inherited) @executable_path/Frameworks";
				PRODUCT_NAME = "$(TARGET_NAME)";
			};
			name = Release;
		};
		28657DEC1A8D2C5800D48587 /* Debug */ = {
			isa = XCBuildConfiguration;
			buildSettings = {
				BUNDLE_LOADER = "$(TEST_HOST)";
				FRAMEWORK_SEARCH_PATHS = (
					"$(SDKROOT)/Developer/Library/Frameworks",
					"$(inherited)",
				);
				GCC_PREPROCESSOR_DEFINITIONS = (
					"DEBUG=1",
					"$(inherited)",
				);
				INFOPLIST_FILE = "RGB SlidersTests/Info.plist";
				LD_RUNPATH_SEARCH_PATHS = "$(inherited) @executable_path/Frameworks @loader_path/Frameworks";
				PRODUCT_NAME = "$(TARGET_NAME)";
				TEST_HOST = "$(BUILT_PRODUCTS_DIR)/RGB Sliders.app/RGB Sliders";
			};
			name = Debug;
		};
		28657DED1A8D2C5800D48587 /* Release */ = {
			isa = XCBuildConfiguration;
			buildSettings = {
				BUNDLE_LOADER = "$(TEST_HOST)";
				FRAMEWORK_SEARCH_PATHS = (
					"$(SDKROOT)/Developer/Library/Frameworks",
					"$(inherited)",
				);
				INFOPLIST_FILE = "RGB SlidersTests/Info.plist";
				LD_RUNPATH_SEARCH_PATHS = "$(inherited) @executable_path/Frameworks @loader_path/Frameworks";
				PRODUCT_NAME = "$(TARGET_NAME)";
				TEST_HOST = "$(BUILT_PRODUCTS_DIR)/RGB Sliders.app/RGB Sliders";
			};
			name = Release;
		};
/* End XCBuildConfiguration section */

/* Begin XCConfigurationList section */
		28657DC41A8D2C5700D48587 /* Build configuration list for PBXProject "RGB Sliders" */ = {
			isa = XCConfigurationList;
			buildConfigurations = (
				28657DE61A8D2C5800D48587 /* Debug */,
				28657DE71A8D2C5800D48587 /* Release */,
			);
			defaultConfigurationIsVisible = 0;
			defaultConfigurationName = Release;
		};
		28657DE81A8D2C5800D48587 /* Build configuration list for PBXNativeTarget "RGB Sliders" */ = {
			isa = XCConfigurationList;
			buildConfigurations = (
				28657DE91A8D2C5800D48587 /* Debug */,
				28657DEA1A8D2C5800D48587 /* Release */,
			);
			defaultConfigurationIsVisible = 0;
		};
		28657DEB1A8D2C5800D48587 /* Build configuration list for PBXNativeTarget "RGB SlidersTests" */ = {
			isa = XCConfigurationList;
			buildConfigurations = (
				28657DEC1A8D2C5800D48587 /* Debug */,
				28657DED1A8D2C5800D48587 /* Release */,
			);
			defaultConfigurationIsVisible = 0;
		};
/* End XCConfigurationList section */
	};
	rootObject = 28657DC11A8D2C5700D48587 /* Project object */;
}
